
Microsoft Visual Studio Solution File, Format Version 12.00
# Visual Studio Version 17
VisualStudioVersion = 17.0.31903.59
MinimumVisualStudioVersion = 10.0.40219.1
Project("{FAE04EC0-301F-11D3-BF4B-00C04F79EFBC}") = "TokenBucket", "TokenBucket\TokenBucket.csproj", "{E6E23F9A-884E-4769-A4AC-1A4EF6516C77}"
EndProject
Project("{FAE04EC0-301F-11D3-BF4B-00C04F79EFBC}") = "TokenBucket.Tests", "TokenBucket.Tests\TokenBucket.Tests.csproj", "{C9C8DB19-82AD-49D7-A932-36095B3045D8}"
EndProject
Global
	GlobalSection(SolutionConfigurationPlatforms) = preSolution
		Debug|Any CPU = Debug|Any CPU
		Release|Any CPU = Release|Any CPU
	EndGlobalSection
	GlobalSection(SolutionProperties) = preSolution
		HideSolutionNode = FALSE
	EndGlobalSection
	GlobalSection(ProjectConfigurationPlatforms) = postSolution
		{E6E23F9A-884E-4769-A4AC-1A4EF6516C77}.Debug|Any CPU.ActiveCfg = Debug|Any CPU
		{E6E23F9A-884E-4769-A4AC-1A4EF6516C77}.Debug|Any CPU.Build.0 = Debug|Any CPU
		{E6E23F9A-884E-4769-A4AC-1A4EF6516C77}.Release|Any CPU.ActiveCfg = Release|Any CPU
		{E6E23F9A-884E-4769-A4AC-1A4EF6516C77}.Release|Any CPU.Build.0 = Release|Any CPU
		{C9C8DB19-82AD-49D7-A932-36095B3045D8}.Debug|Any CPU.ActiveCfg = Debug|Any CPU
		{C9C8DB19-82AD-49D7-A932-36095B3045D8}.Debug|Any CPU.Build.0 = Debug|Any CPU
		{C9C8DB19-82AD-49D7-A932-36095B3045D8}.Release|Any CPU.ActiveCfg = Release|Any CPU
		{C9C8DB19-82AD-49D7-A932-36095B3045D8}.Release|Any CPU.Build.0 = Release|Any CPU
	EndGlobalSection
EndGlobal
